# @generated by Move, please check-in and do not edit manually.

[move]
version = 3
manifest_digest = "CD00DB94E038AE7650A9B6150274D1C789002943AC3B6D20550163711F05DC50"
deps_digest = "F8BBB0CCB2491CA29A3DF03D6F92277A4F3574266507ACD77214D37ECA3F3082"
dependencies = [
  { id = "Sui", name = "Sui" },
]

[[move.package]]
id = "MoveStdlib"
source = { git = "https://github.com/MystenLabs/sui.git", rev = "framework/testnet", subdir = "crates/sui-framework/packages/move-stdlib" }

[[move.package]]
id = "Sui"
source = { git = "https://github.com/MystenLabs/sui.git", rev = "framework/testnet", subdir = "crates/sui-framework/packages/sui-framework" }

dependencies = [
  { id = "MoveStdlib", name = "MoveStdlib" },
]

[move.toolchain-version]
compiler-version = "1.45.2"
edition = "2024"
flavor = "sui"

[env]

[env.devnet]
chain-id = "053c32ad"
original-published-id = "0x00cf538658ebb2933d139a41ba3be0f6d0e48a178986987c142e1729dbc6598b"
latest-published-id = "0x00cf538658ebb2933d139a41ba3be0f6d0e48a178986987c142e1729dbc6598b"
published-version = "1"
